
Microsoft Visual Studio Solution File, Format Version 12.00
# Visual Studio Version 17
VisualStudioVersion = 17.5.33103.201
MinimumVisualStudioVersion = 10.0.40219.1
Project("{FAE04EC0-301F-11D3-BF4B-00C04F79EFBC}") = "Socket-Quartz_Manage", "Socket-Quartz_Manage\Socket-Quartz_Manage.csproj", "{80DE8E8E-75B7-4B3A-9D5C-1C8984233515}"
EndProject
Global
	GlobalSection(SolutionConfigurationPlatforms) = preSolution
		Debug|Any CPU = Debug|Any CPU
		Release|Any CPU = Release|Any CPU
	EndGlobalSection
	GlobalSection(ProjectConfigurationPlatforms) = postSolution
		{80DE8E8E-75B7-4B3A-9D5C-1C8984233515}.Debug|Any CPU.ActiveCfg = Debug|Any CPU
		{80DE8E8E-75B7-4B3A-9D5C-1C8984233515}.Debug|Any CPU.Build.0 = Debug|Any CPU
		{80DE8E8E-75B7-4B3A-9D5C-1C8984233515}.Release|Any CPU.ActiveCfg = Release|Any CPU
		{80DE8E8E-75B7-4B3A-9D5C-1C8984233515}.Release|Any CPU.Build.0 = Release|Any CPU
	EndGlobalSection
	GlobalSection(SolutionProperties) = preSolution
		HideSolutionNode = FALSE
	EndGlobalSection
	GlobalSection(ExtensibilityGlobals) = postSolution
		SolutionGuid = {A0E8FFF0-F20F-41DC-AE43-3BFA35ACFE8E}
	EndGlobalSection
EndGlobal
